
Microsoft Visual Studio Solution File, Format Version 12.00
# Visual Studio Version 17
VisualStudioVersion = 17.13.35806.99 d17.13
MinimumVisualStudioVersion = 10.0.40219.1
Project("{FAE04EC0-301F-11D3-BF4B-00C04F79EFBC}") = "ProductsAPI", "ProductsAPI\ProductsAPI.csproj", "{8553115D-9A95-4106-BA1E-60D52367143F}"
EndProject
Global
	GlobalSection(SolutionConfigurationPlatforms) = preSolution
		Debug|Any CPU = Debug|Any CPU
		Release|Any CPU = Release|Any CPU
	EndGlobalSection
	GlobalSection(ProjectConfigurationPlatforms) = postSolution
		{8553115D-9A95-4106-BA1E-60D52367143F}.Debug|Any CPU.ActiveCfg = Debug|Any CPU
		{8553115D-9A95-4106-BA1E-60D52367143F}.Debug|Any CPU.Build.0 = Debug|Any CPU
		{8553115D-9A95-4106-BA1E-60D52367143F}.Release|Any CPU.ActiveCfg = Release|Any CPU
		{8553115D-9A95-4106-BA1E-60D52367143F}.Release|Any CPU.Build.0 = Release|Any CPU
	EndGlobalSection
	GlobalSection(SolutionProperties) = preSolution
		HideSolutionNode = FALSE
	EndGlobalSection
	GlobalSection(ExtensibilityGlobals) = postSolution
		SolutionGuid = {C480FE1E-338C-4237-9A5C-5949E590468A}
	EndGlobalSection
EndGlobal
