Microsoft Visual Studio Solution File, Format Version 12.00
# Visual Studio Version 17
VisualStudioVersion = 17.13.35806.99
MinimumVisualStudioVersion = 10.0.40219.1
Project("{FAE04EC0-301F-11D3-BF4B-00C04F79EFBC}") = "PlatAudioWithSockets", "PlatAudioWithSockets\PlatAudioWithSockets.csproj", "{832E566C-6A12-4739-86BA-22C622451775}"
EndProject
Global
	GlobalSection(SolutionConfigurationPlatforms) = preSolution
		Debug|Any CPU = Debug|Any CPU
		Release|Any CPU = Release|Any CPU
	EndGlobalSection
	GlobalSection(ProjectConfigurationPlatforms) = postSolution
		{832E566C-6A12-4739-86BA-22C622451775}.Debug|Any CPU.ActiveCfg = Debug|Any CPU
		{832E566C-6A12-4739-86BA-22C622451775}.Debug|Any CPU.Build.0 = Debug|Any CPU
		{832E566C-6A12-4739-86BA-22C622451775}.Release|Any CPU.ActiveCfg = Release|Any CPU
		{832E566C-6A12-4739-86BA-22C622451775}.Release|Any CPU.Build.0 = Release|Any CPU
	EndGlobalSection
	GlobalSection(SolutionProperties) = preSolution
		HideSolutionNode = FALSE
	EndGlobalSection
	GlobalSection(ExtensibilityGlobals) = postSolution
		SolutionGuid = {D737D6B8-A1E5-49DC-855D-CF4A5C1987C4}
	EndGlobalSection
EndGlobal
